{
    "_readme": [
        "This file locks the dependencies of your project to a known state",
        "Read more about it at https://getcomposer.org/doc/01-basic-usage.md#installing-dependencies",
        "This file is @generated automatically"
    ],
    "content-hash": "73a34656c196bc8c0e9e4b77755730ea",
    "packages": [
        {
            "name": "nexion/config",
            "version": "v1.0.0",
            "source": {
                "type": "git",
                "url": "https://github.com/abdullahadeeel/config.git",
                "reference": "2adab796cb5594877628841932e4a600292084eb"
            },
            "dist": {
                "type": "zip",
                "url": "https://api.github.com/repos/abdullahadeeel/config/zipball/2adab796cb5594877628841932e4a600292084eb",
                "reference": "2adab796cb5594877628841932e4a600292084eb",
                "shasum": ""
            },
            "require": {
                "php": ">=8.0"
            },
            "type": "library",
            "autoload": {
                "psr-4": {
                    "Phpify\\Config\\": "src/"
                }
            },
            "notification-url": "https://packagist.org/downloads/",
            "description": "Phpify Config component",
            "support": {
                "issues": "https://github.com/abdullahadeeel/config/issues",
                "source": "https://github.com/abdullahadeeel/config/tree/v1.0.0"
            },
            "time": "2026-06-02T17:31:33+00:00"
        },
        {
            "name": "nexion/console",
            "version": "v1.0.0",
            "source": {
                "type": "git",
                "url": "https://github.com/abdullahadeeel/console.git",
                "reference": "1731c7fc4a25d24eb28729ac5b90207d28c34431"
            },
            "dist": {
                "type": "zip",
                "url": "https://api.github.com/repos/abdullahadeeel/console/zipball/1731c7fc4a25d24eb28729ac5b90207d28c34431",
                "reference": "1731c7fc4a25d24eb28729ac5b90207d28c34431",
                "shasum": ""
            },
            "require": {
                "php": ">=8.0"
            },
            "type": "library",
            "autoload": {
                "psr-4": {
                    "Phpify\\Console\\": "src/"
                }
            },
            "notification-url": "https://packagist.org/downloads/",
            "description": "Phpify Console component",
            "support": {
                "issues": "https://github.com/abdullahadeeel/console/issues",
                "source": "https://github.com/abdullahadeeel/console/tree/v1.0.0"
            },
            "time": "2026-06-02T17:31:33+00:00"
        },
        {
            "name": "nexion/controller",
            "version": "v1.0.0",
            "source": {
                "type": "git",
                "url": "https://github.com/abdullahadeeel/controller.git",
                "reference": "801364b6b9b4b5890ebae6ecd758d4b79a9f4da4"
            },
            "dist": {
                "type": "zip",
                "url": "https://api.github.com/repos/abdullahadeeel/controller/zipball/801364b6b9b4b5890ebae6ecd758d4b79a9f4da4",
                "reference": "801364b6b9b4b5890ebae6ecd758d4b79a9f4da4",
                "shasum": ""
            },
            "require": {
                "php": ">=8.0"
            },
            "type": "library",
            "autoload": {
                "psr-4": {
                    "Phpify\\Controller\\": "src/"
                }
            },
            "notification-url": "https://packagist.org/downloads/",
            "description": "Phpify Controller component",
            "support": {
                "issues": "https://github.com/abdullahadeeel/controller/issues",
                "source": "https://github.com/abdullahadeeel/controller/tree/v1.0.0"
            },
            "time": "2026-06-02T17:31:33+00:00"
        },
        {
            "name": "nexion/database",
            "version": "v1.0.0",
            "source": {
                "type": "git",
                "url": "https://github.com/abdullahadeeel/database.git",
                "reference": "c69aecd4e5792ee968fa717db2d2c98a3494ef28"
            },
            "dist": {
                "type": "zip",
                "url": "https://api.github.com/repos/abdullahadeeel/database/zipball/c69aecd4e5792ee968fa717db2d2c98a3494ef28",
                "reference": "c69aecd4e5792ee968fa717db2d2c98a3494ef28",
                "shasum": ""
            },
            "require": {
                "php": ">=8.0"
            },
            "type": "library",
            "autoload": {
                "psr-4": {
                    "Phpify\\Database\\": "src/"
                }
            },
            "notification-url": "https://packagist.org/downloads/",
            "description": "Phpify Database component",
            "support": {
                "issues": "https://github.com/abdullahadeeel/database/issues",
                "source": "https://github.com/abdullahadeeel/database/tree/v1.0.0"
            },
            "time": "2026-06-02T17:31:33+00:00"
        },
        {
            "name": "nexion/exception",
            "version": "v1.0.0",
            "source": {
                "type": "git",
                "url": "https://github.com/abdullahadeeel/exception.git",
                "reference": "a6fab14a888c0762c37c0b93783541e39295d2e0"
            },
            "dist": {
                "type": "zip",
                "url": "https://api.github.com/repos/abdullahadeeel/exception/zipball/a6fab14a888c0762c37c0b93783541e39295d2e0",
                "reference": "a6fab14a888c0762c37c0b93783541e39295d2e0",
                "shasum": ""
            },
            "require": {
                "php": ">=8.0"
            },
            "type": "library",
            "autoload": {
                "psr-4": {
                    "Phpify\\Exception\\": "src/"
                }
            },
            "notification-url": "https://packagist.org/downloads/",
            "description": "Phpify Exception component",
            "support": {
                "issues": "https://github.com/abdullahadeeel/exception/issues",
                "source": "https://github.com/abdullahadeeel/exception/tree/v1.0.0"
            },
            "time": "2026-06-02T17:31:34+00:00"
        },
        {
            "name": "nexion/framework",
            "version": "v1.0.0",
            "source": {
                "type": "git",
                "url": "https://github.com/abdullahadeeel/framework.git",
                "reference": "9b7a78d6e642517e43774e2630761867113f67b3"
            },
            "dist": {
                "type": "zip",
                "url": "https://api.github.com/repos/abdullahadeeel/framework/zipball/9b7a78d6e642517e43774e2630761867113f67b3",
                "reference": "9b7a78d6e642517e43774e2630761867113f67b3",
                "shasum": ""
            },
            "require": {
                "nexion/config": "*",
                "nexion/console": "*",
                "nexion/controller": "*",
                "nexion/database": "*",
                "nexion/exception": "*",
                "nexion/http": "*",
                "nexion/middleware": "*",
                "nexion/routing": "*",
                "nexion/view": "*",
                "php": ">=8.0"
            },
            "type": "library",
            "autoload": {
                "files": [
                    "src/Foundation/helpers.php"
                ],
                "psr-4": {
                    "Phpify\\": "src/"
                }
            },
            "notification-url": "https://packagist.org/downloads/",
            "description": "The Phpify Framework",
            "support": {
                "issues": "https://github.com/abdullahadeeel/framework/issues",
                "source": "https://github.com/abdullahadeeel/framework/tree/v1.0.0"
            },
            "time": "2026-06-02T17:31:33+00:00"
        },
        {
            "name": "nexion/http",
            "version": "v1.0.0",
            "source": {
                "type": "git",
                "url": "https://github.com/abdullahadeeel/http.git",
                "reference": "78709ab05da2c09a6c6495fa79124528f013499f"
            },
            "dist": {
                "type": "zip",
                "url": "https://api.github.com/repos/abdullahadeeel/http/zipball/78709ab05da2c09a6c6495fa79124528f013499f",
                "reference": "78709ab05da2c09a6c6495fa79124528f013499f",
                "shasum": ""
            },
            "require": {
                "php": ">=8.0"
            },
            "type": "library",
            "autoload": {
                "psr-4": {
                    "Phpify\\Http\\": "src/"
                }
            },
            "notification-url": "https://packagist.org/downloads/",
            "description": "Phpify Http component",
            "support": {
                "issues": "https://github.com/abdullahadeeel/http/issues",
                "source": "https://github.com/abdullahadeeel/http/tree/v1.0.0"
            },
            "time": "2026-06-02T17:31:31+00:00"
        },
        {
            "name": "nexion/middleware",
            "version": "v1.0.0",
            "source": {
                "type": "git",
                "url": "https://github.com/abdullahadeeel/middleware.git",
                "reference": "02284cbd3c73032efdf83da4ea4ca12339ff8ecc"
            },
            "dist": {
                "type": "zip",
                "url": "https://api.github.com/repos/abdullahadeeel/middleware/zipball/02284cbd3c73032efdf83da4ea4ca12339ff8ecc",
                "reference": "02284cbd3c73032efdf83da4ea4ca12339ff8ecc",
                "shasum": ""
            },
            "require": {
                "php": ">=8.0"
            },
            "type": "library",
            "autoload": {
                "psr-4": {
                    "Phpify\\Middleware\\": "src/"
                }
            },
            "notification-url": "https://packagist.org/downloads/",
            "description": "Phpify Middleware component",
            "support": {
                "issues": "https://github.com/abdullahadeeel/middleware/issues",
                "source": "https://github.com/abdullahadeeel/middleware/tree/v1.0.0"
            },
            "time": "2026-06-02T17:31:34+00:00"
        },
        {
            "name": "nexion/routing",
            "version": "v1.0.0",
            "source": {
                "type": "git",
                "url": "https://github.com/abdullahadeeel/routing.git",
                "reference": "aa3747d3d312df43f34c8c28d1a800051e3de60a"
            },
            "dist": {
                "type": "zip",
                "url": "https://api.github.com/repos/abdullahadeeel/routing/zipball/aa3747d3d312df43f34c8c28d1a800051e3de60a",
                "reference": "aa3747d3d312df43f34c8c28d1a800051e3de60a",
                "shasum": ""
            },
            "require": {
                "php": ">=8.0"
            },
            "type": "library",
            "autoload": {
                "psr-4": {
                    "Phpify\\Routing\\": "src/"
                }
            },
            "notification-url": "https://packagist.org/downloads/",
            "description": "Phpify Routing component",
            "support": {
                "issues": "https://github.com/abdullahadeeel/routing/issues",
                "source": "https://github.com/abdullahadeeel/routing/tree/v1.0.0"
            },
            "time": "2026-06-02T17:31:36+00:00"
        },
        {
            "name": "nexion/view",
            "version": "v1.0.0",
            "source": {
                "type": "git",
                "url": "https://github.com/abdullahadeeel/view.git",
                "reference": "523dc5def961e9f3739492993e2fa969f45afaba"
            },
            "dist": {
                "type": "zip",
                "url": "https://api.github.com/repos/abdullahadeeel/view/zipball/523dc5def961e9f3739492993e2fa969f45afaba",
                "reference": "523dc5def961e9f3739492993e2fa969f45afaba",
                "shasum": ""
            },
            "require": {
                "php": ">=8.0"
            },
            "type": "library",
            "autoload": {
                "psr-4": {
                    "Phpify\\View\\": "src/"
                }
            },
            "notification-url": "https://packagist.org/downloads/",
            "description": "Phpify View component",
            "support": {
                "issues": "https://github.com/abdullahadeeel/view/issues",
                "source": "https://github.com/abdullahadeeel/view/tree/v1.0.0"
            },
            "time": "2026-06-02T17:31:37+00:00"
        }
    ],
    "packages-dev": [],
    "aliases": [],
    "minimum-stability": "stable",
    "stability-flags": {},
    "prefer-stable": false,
    "prefer-lowest": false,
    "platform": {
        "php": ">=8.0"
    },
    "platform-dev": {},
    "plugin-api-version": "2.9.0"
}
